github.com/hiyanxu/foo v0.1.0 h1:S7zoGZbcy6BZJtNoHUjGAZAmBRdSI0bj4mXiU1rtucY=
github.com/hiyanxu/foo v0.1.0/go.mod h1:mTPuRwpNipc+fFsTWylwvHzFDQereYOkhnOCj2dARhQ=
github.com/hiyanxu/foo v0.2.0 h1:au8inDjMjysVmYWtxOuFcttqW7syac1YMg7VRoXt8Mc=
github.com/hiyanxu/foo v0.2.0/go.mod h1:mTPuRwpNipc+fFsTWylwvHzFDQereYOkhnOCj2dARhQ=
github.com/hiyanxu/foo v0.2.1 h1:8BsYxsVVawfvmIdSzMAvU0/VTtlDoglr5Q/7leCl4No=
github.com/hiyanxu/foo v0.2.1/go.mod h1:5NXgWGXy9WEb9ityhAELndVR14bazGhkwvqCBbxDqN0=
github.com/hiyanxu/foo v0.3.0 h1:gGjt2azzLkeoYh/HOedk1YncgUQ0PrQjBNkY8eK43qg=
github.com/hiyanxu/foo v0.3.0/go.mod h1:fqZBGwkQ6jmcB6YdtcklYS9j+Xbox2KhU2pXSS+QPug=
github.com/hiyanxu/foo v0.4.0 h1:H/kY89fkDb/S1XQ048cKkLu81hRBVdWu5b60IE8IeMw=
github.com/hiyanxu/foo v0.4.0/go.mod h1:fqZBGwkQ6jmcB6YdtcklYS9j+Xbox2KhU2pXSS+QPug=
github.com/hiyanxu/foo v1.0.0 h1:tv2yqE4IsI5NwjbR3AtIx4tanxD70H629wvGWsbsceE=
github.com/hiyanxu/foo v1.0.0/go.mod h1:fqZBGwkQ6jmcB6YdtcklYS9j+Xbox2KhU2pXSS+QPug=
github.com/hiyanxu/foo v1.0.1 h1:8rfBhM7f1xeyxNPvzdB29jCtQ93kAIfSprsQBX5IHto=
github.com/hiyanxu/foo v1.0.1/go.mod h1:pygnCBl6D2mKy51UgqUlqbnRDwH/E2kq+1sf4SiTDWg=
